// !$*UTF8*$!
{
	archiveVersion = 1;
	classes = {
	};
	objectVersion = 77;
	objects = {

/* Begin PBXBuildFile section */
		3B33D35A2E8FB1050034DD6E /* FirebaseAnalyticsCore in Frameworks */ = {isa = PBXBuildFile; productRef = 3B33D3592E8FB1050034DD6E /* FirebaseAnalyticsCore */; };
		3B33D35C2E8FB1050034DD6E /* FirebaseCrashlytics in Frameworks */ = {isa = PBXBuildFile; productRef = 3B33D35B2E8FB1050034DD6E /* FirebaseCrashlytics */; };
		3B33D35E2E8FB1050034DD6E /* FirebaseMessaging in Frameworks */ = {isa = PBXBuildFile; productRef = 3B33D35D2E8FB1050034DD6E /* FirebaseMessaging */; };
		3B533C132EA7890200301F27 /* FSCalendar in Frameworks */ = {isa = PBXBuildFile; productRef = 3B533C122EA7890200301F27 /* FSCalendar */; };
		3B6AB3AB2E85354800FBADF6 /* RxCocoa in Frameworks */ = {isa = PBXBuildFile; productRef = 3B6AB3AA2E85354800FBADF6 /* RxCocoa */; };
		3B6AB3AD2E85354800FBADF6 /* RxSwift in Frameworks */ = {isa = PBXBuildFile; productRef = 3B6AB3AC2E85354800FBADF6 /* RxSwift */; };
		3B6AB3B02E85355A00FBADF6 /* SnapKit in Frameworks */ = {isa = PBXBuildFile; productRef = 3B6AB3AF2E85355A00FBADF6 /* SnapKit */; };
		3B6AB3B32E85357700FBADF6 /* RealmSwift in Frameworks */ = {isa = PBXBuildFile; productRef = 3B6AB3B22E85357700FBADF6 /* RealmSwift */; };
		3B6AB3B62E85358700FBADF6 /* Alamofire in Frameworks */ = {isa = PBXBuildFile; productRef = 3B6AB3B52E85358700FBADF6 /* Alamofire */; };
		3B6AB46B2E8577A500FBADF6 /* Then in Frameworks */ = {isa = PBXBuildFile; productRef = 3B6AB46A2E8577A500FBADF6 /* Then */; };
		3B8C60052E90F3C700B885DE /* RealmSwift in Embed Frameworks */ = {isa = PBXBuildFile; productRef = 3B6AB3B22E85357700FBADF6 /* RealmSwift */; settings = {ATTRIBUTES = (CodeSignOnCopy, ); }; };
		3BC906722EAF719200C792EB /* Kingfisher in Frameworks */ = {isa = PBXBuildFile; productRef = 3BC906712EAF719200C792EB /* Kingfisher */; };
/* End PBXBuildFile section */

/* Begin PBXCopyFilesBuildPhase section */
		3B8C60062E90F3C700B885DE /* Embed Frameworks */ = {
			isa = PBXCopyFilesBuildPhase;
			buildActionMask = 2147483647;
			dstPath = "";
			dstSubfolderSpec = 10;
			files = (
				3B8C60052E90F3C700B885DE /* RealmSwift in Embed Frameworks */,
			);
			name = "Embed Frameworks";
			runOnlyForDeploymentPostprocessing = 0;
		};
/* End PBXCopyFilesBuildPhase section */

/* Begin PBXFileReference section */
		3B6AB3112E8532DF00FBADF6 /* TRACE.app */ = {isa = PBXFileReference; explicitFileType = wrapper.application; includeInIndex = 0; path = TRACE.app; sourceTree = BUILT_PRODUCTS_DIR; };
/* End PBXFileReference section */

/* Begin PBXFileSystemSynchronizedBuildFileExceptionSet section */
		3B6AB3232E8532E000FBADF6 /* Exceptions for "TRACE" folder in "TRACE" target */ = {
			isa = PBXFileSystemSynchronizedBuildFileExceptionSet;
			membershipExceptions = (
				Info.plist,
			);
			target = 3B6AB3102E8532DF00FBADF6 /* TRACE */;
		};
/* End PBXFileSystemSynchronizedBuildFileExceptionSet section */

/* Begin PBXFileSystemSynchronizedRootGroup section */
		3B6AB3132E8532DF00FBADF6 /* TRACE */ = {
			isa = PBXFileSystemSynchronizedRootGroup;
			exceptions = (
				3B6AB3232E8532E000FBADF6 /* Exceptions for "TRACE" folder in "TRACE" target */,
			);
			path = TRACE;
			sourceTree = "<group>";
		};
/* End PBXFileSystemSynchronizedRootGroup section */

/* Begin PBXFrameworksBuildPhase section */
		3B6AB30E2E8532DF00FBADF6 /* Frameworks */ = {
			isa = PBXFrameworksBuildPhase;
			buildActionMask = 2147483647;
			files = (
				3B6AB3B62E85358700FBADF6 /* Alamofire in Frameworks */,
				3B33D35E2E8FB1050034DD6E /* FirebaseMessaging in Frameworks */,
				3B6AB3B32E85357700FBADF6 /* RealmSwift in Frameworks */,
				3B533C132EA7890200301F27 /* FSCalendar in Frameworks */,
				3B6AB46B2E8577A500FBADF6 /* Then in Frameworks */,
				3B6AB3AD2E85354800FBADF6 /* RxSwift in Frameworks */,
				3B6AB3B02E85355A00FBADF6 /* SnapKit in Frameworks */,
				3B33D35C2E8FB1050034DD6E /* FirebaseCrashlytics in Frameworks */,
				3BC906722EAF719200C792EB /* Kingfisher in Frameworks */,
				3B6AB3AB2E85354800FBADF6 /* RxCocoa in Frameworks */,
				3B33D35A2E8FB1050034DD6E /* FirebaseAnalyticsCore in Frameworks */,
			);
			runOnlyForDeploymentPostprocessing = 0;
		};
/* End PBXFrameworksBuildPhase section */

/* Begin PBXGroup section */
		3B6AB3082E8532DF00FBADF6 = {
			isa = PBXGroup;
			children = (
				3B6AB3132E8532DF00FBADF6 /* TRACE */,
				3B6AB3122E8532DF00FBADF6 /* Products */,
			);
			sourceTree = "<group>";
		};
		3B6AB3122E8532DF00FBADF6 /* Products */ = {
			isa = PBXGroup;
			children = (
				3B6AB3112E8532DF00FBADF6 /* TRACE.app */,
			);
			name = Products;
			sourceTree = "<group>";
		};
/* End PBXGroup section */

/* Begin PBXNativeTarget section */
		3B6AB3102E8532DF00FBADF6 /* TRACE */ = {
			isa = PBXNativeTarget;
			buildConfigurationList = 3B6AB3242E8532E000FBADF6 /* Build configuration list for PBXNativeTarget "TRACE" */;
			buildPhases = (
				3B6AB30D2E8532DF00FBADF6 /* Sources */,
				3B6AB30E2E8532DF00FBADF6 /* Frameworks */,
				3B6AB30F2E8532DF00FBADF6 /* Resources */,
				3B8C60062E90F3C700B885DE /* Embed Frameworks */,
				3B8C62592E91070D00B885DE /* ShellScript */,
			);
			buildRules = (
			);
			dependencies = (
			);
			fileSystemSynchronizedGroups = (
				3B6AB3132E8532DF00FBADF6 /* TRACE */,
			);
			name = TRACE;
			packageProductDependencies = (
				3B6AB3AA2E85354800FBADF6 /* RxCocoa */,
				3B6AB3AC2E85354800FBADF6 /* RxSwift */,
				3B6AB3AF2E85355A00FBADF6 /* SnapKit */,
				3B6AB3B22E85357700FBADF6 /* RealmSwift */,
				3B6AB3B52E85358700FBADF6 /* Alamofire */,
				3B6AB46A2E8577A500FBADF6 /* Then */,
				3B33D3592E8FB1050034DD6E /* FirebaseAnalyticsCore */,
				3B33D35B2E8FB1050034DD6E /* FirebaseCrashlytics */,
				3B33D35D2E8FB1050034DD6E /* FirebaseMessaging */,
				3B533C122EA7890200301F27 /* FSCalendar */,
				3BC906712EAF719200C792EB /* Kingfisher */,
			);
			productName = TRACE;
			productReference = 3B6AB3112E8532DF00FBADF6 /* TRACE.app */;
			productType = "com.apple.product-type.application";
		};
/* End PBXNativeTarget section */

/* Begin PBXProject section */
		3B6AB3092E8532DF00FBADF6 /* Project object */ = {
			isa = PBXProject;
			attributes = {
				BuildIndependentTargetsInParallel = 1;
				LastSwiftUpdateCheck = 1640;
				LastUpgradeCheck = 1640;
				TargetAttributes = {
					3B6AB3102E8532DF00FBADF6 = {
						CreatedOnToolsVersion = 16.4;
					};
				};
			};
			buildConfigurationList = 3B6AB30C2E8532DF00FBADF6 /* Build configuration list for PBXProject "TRACE" */;
			developmentRegion = en;
			hasScannedForEncodings = 0;
			knownRegions = (
				en,
				Base,
				ja,
				ko,
			);
			mainGroup = 3B6AB3082E8532DF00FBADF6;
			minimizedProjectReferenceProxies = 1;
			packageReferences = (
				3B6AB3A92E85354800FBADF6 /* XCRemoteSwiftPackageReference "RxSwift" */,
				3B6AB3AE2E85355A00FBADF6 /* XCRemoteSwiftPackageReference "SnapKit" */,
				3B6AB3B12E85357700FBADF6 /* XCRemoteSwiftPackageReference "realm-swift" */,
				3B6AB3B42E85358700FBADF6 /* XCRemoteSwiftPackageReference "Alamofire" */,
				3B6AB4692E8577A500FBADF6 /* XCRemoteSwiftPackageReference "Then" */,
				3B33D3582E8FB1050034DD6E /* XCRemoteSwiftPackageReference "firebase-ios-sdk" */,
				3B533C112EA7890200301F27 /* XCRemoteSwiftPackageReference "FSCalendar" */,
				3BC906702EAF719200C792EB /* XCRemoteSwiftPackageReference "Kingfisher" */,
			);
			preferredProjectObjectVersion = 77;
			productRefGroup = 3B6AB3122E8532DF00FBADF6 /* Products */;
			projectDirPath = "";
			projectRoot = "";
			targets = (
				3B6AB3102E8532DF00FBADF6 /* TRACE */,
			);
		};
/* End PBXProject section */

/* Begin PBXResourcesBuildPhase section */
		3B6AB30F2E8532DF00FBADF6 /* Resources */ = {
			isa = PBXResourcesBuildPhase;
			buildActionMask = 2147483647;
			files = (
			);
			runOnlyForDeploymentPostprocessing = 0;
		};
/* End PBXResourcesBuildPhase section */

/* Begin PBXShellScriptBuildPhase section */
		3B8C62592E91070D00B885DE /* ShellScript */ = {
			isa = PBXShellScriptBuildPhase;
			buildActionMask = 2147483647;
			files = (
			);
			inputFileListPaths = (
			);
			inputPaths = (
				"${DWARF_DSYM_FOLDER_PATH}/${DWARF_DSYM_FILE_NAME}",
				"${DWARF_DSYM_FOLDER_PATH}/${DWARF_DSYM_FILE_NAME}/Contents/Resources/DWARF/${PRODUCT_NAME}",
				"${DWARF_DSYM_FOLDER_PATH}/${DWARF_DSYM_FILE_NAME}/Contents/Info.plist",
				"$(TARGET_BUILD_DIR)/$(UNLOCALIZED_RESOURCES_FOLDER_PATH)/GoogleService-Info.plist",
				"$(TARGET_BUILD_DIR)/$(EXECUTABLE_PATH)",
			);
			outputFileListPaths = (
			);
			outputPaths = (
			);
			runOnlyForDeploymentPostprocessing = 0;
			shellPath = /bin/sh;
			shellScript = "# Type a script or drag a script file from your workspace to insert its path.\n\"${BUILD_DIR%/Build/*}/SourcePackages/checkouts/firebase-ios-sdk/Crashlytics/run\"\n";
		};
/* End PBXShellScriptBuildPhase section */

/* Begin PBXSourcesBuildPhase section */
		3B6AB30D2E8532DF00FBADF6 /* Sources */ = {
			isa = PBXSourcesBuildPhase;
			buildActionMask = 2147483647;
			files = (
			);
			runOnlyForDeploymentPostprocessing = 0;
		};
/* End PBXSourcesBuildPhase section */

/* Begin XCBuildConfiguration section */
		3B6AB3252E8532E000FBADF6 /* Debug */ = {
			isa = XCBuildConfiguration;
			buildSettings = {
				ASSETCATALOG_COMPILER_APPICON_NAME = AppIcon;
				ASSETCATALOG_COMPILER_GLOBAL_ACCENT_COLOR_NAME = AccentColor;
				CODE_SIGN_ENTITLEMENTS = TRACE/TRACE.entitlements;
				CODE_SIGN_STYLE = Automatic;
				CURRENT_PROJECT_VERSION = 1;
				DEBUG_INFORMATION_FORMAT = "dwarf-with-dsym";
				DEVELOPMENT_TEAM = 5CKD3N685F;
				GENERATE_INFOPLIST_FILE = YES;
				INFOPLIST_FILE = TRACE/Info.plist;
				INFOPLIST_KEY_UIApplicationSupportsIndirectInputEvents = YES;
				INFOPLIST_KEY_UILaunchStoryboardName = LaunchScreen;
				INFOPLIST_KEY_UIMainStoryboardFile = "";
				INFOPLIST_KEY_UISupportedInterfaceOrientations_iPad = "UIInterfaceOrientationPortrait UIInterfaceOrientationPortraitUpsideDown UIInterfaceOrientationLandscapeLeft UIInterfaceOrientationLandscapeRight";
				INFOPLIST_KEY_UISupportedInterfaceOrientations_iPhone = "UIInterfaceOrientationPortrait UIInterfaceOrientationLandscapeLeft UIInterfaceOrientationLandscapeRight";
				IPHONEOS_DEPLOYMENT_TARGET = 16.0;
				LD_RUNPATH_SEARCH_PATHS = (
					"$(inherited)",
					"@executable_path/Frameworks",
				);
				MARKETING_VERSION = 1.0.6;
				PRODUCT_BUNDLE_IDENTIFIER = com.jiyong.TRACE;
				PRODUCT_NAME = "$(TARGET_NAME)";
				REGISTER_APP_GROUPS = YES;
				SUPPORTED_PLATFORMS = "iphoneos iphonesimulator";
				SUPPORTS_MACCATALYST = NO;
				SUPPORTS_MAC_DESIGNED_FOR_IPHONE_IPAD = NO;
				SUPPORTS_XR_DESIGNED_FOR_IPHONE_IPAD = NO;
				SWIFT_EMIT_LOC_STRINGS = YES;
				SWIFT_VERSION = 5.0;
				TARGETED_DEVICE_FAMILY = "1,2";
			};
			name = Debug;
		};
		3B6AB3262E8532E000FBADF6 /* Release */ = {
			isa = XCBuildConfiguration;
			buildSettings = {
				ASSETCATALOG_COMPILER_APPICON_NAME = AppIcon;
				ASSETCATALOG_COMPILER_GLOBAL_ACCENT_COLOR_NAME = AccentColor;
				CODE_SIGN_ENTITLEMENTS = TRACE/TRACE.entitlements;
				CODE_SIGN_STYLE = Automatic;
				CURRENT_PROJECT_VERSION = 1;
				DEVELOPMENT_TEAM = 5CKD3N685F;
				GENERATE_INFOPLIST_FILE = YES;
				INFOPLIST_FILE = TRACE/Info.plist;
				INFOPLIST_KEY_UIApplicationSupportsIndirectInputEvents = YES;
				INFOPLIST_KEY_UILaunchStoryboardName = LaunchScreen;
				INFOPLIST_KEY_UIMainStoryboardFile = "";
				INFOPLIST_KEY_UISupportedInterfaceOrientations_iPad = "UIInterfaceOrientationPortrait UIInterfaceOrientationPortraitUpsideDown UIInterfaceOrientationLandscapeLeft UIInterfaceOrientationLandscapeRight";
				INFOPLIST_KEY_UISupportedInterfaceOrientations_iPhone = "UIInterfaceOrientationPortrait UIInterfaceOrientationLandscapeLeft UIInterfaceOrientationLandscapeRight";
				IPHONEOS_DEPLOYMENT_TARGET = 16.0;
				LD_RUNPATH_SEARCH_PATHS = (
					"$(inherited)",
					"@executable_path/Frameworks",
				);
				MARKETING_VERSION = 1.0.6;
				PRODUCT_BUNDLE_IDENTIFIER = com.jiyong.TRACE;
				PRODUCT_NAME = "$(TARGET_NAME)";
				REGISTER_APP_GROUPS = YES;
				SUPPORTED_PLATFORMS = "iphoneos iphonesimulator";
				SUPPORTS_MACCATALYST = NO;
				SUPPORTS_MAC_DESIGNED_FOR_IPHONE_IPAD = NO;
				SUPPORTS_XR_DESIGNED_FOR_IPHONE_IPAD = NO;
				SWIFT_EMIT_LOC_STRINGS = YES;
				SWIFT_VERSION = 5.0;
				TARGETED_DEVICE_FAMILY = "1,2";
			};
			name = Release;
		};
		3B6AB3272E8532E000FBADF6 /* Debug */ = {
			isa = XCBuildConfiguration;
			buildSettings = {
				ALWAYS_SEARCH_USER_PATHS = NO;
				ASSETCATALOG_COMPILER_GENERATE_SWIFT_ASSET_SYMBOL_EXTENSIONS = YES;
				CLANG_ANALYZER_LOCALIZABILITY_NONLOCALIZED = YES;
				CLANG_ANALYZER_NONNULL = YES;
				CLANG_ANALYZER_NUMBER_OBJECT_CONVERSION = YES_AGGRESSIVE;
				CLANG_CXX_LANGUAGE_STANDARD = "gnu++20";
				CLANG_ENABLE_MODULES = YES;
				CLANG_ENABLE_OBJC_ARC = YES;
				CLANG_ENABLE_OBJC_WEAK = YES;
				CLANG_WARN_BLOCK_CAPTURE_AUTORELEASING = YES;
				CLANG_WARN_BOOL_CONVERSION = YES;
				CLANG_WARN_COMMA = YES;
				CLANG_WARN_CONSTANT_CONVERSION = YES;
				CLANG_WARN_DEPRECATED_OBJC_IMPLEMENTATIONS = YES;
				CLANG_WARN_DIRECT_OBJC_ISA_USAGE = YES_ERROR;
				CLANG_WARN_DOCUMENTATION_COMMENTS = YES;
				CLANG_WARN_EMPTY_BODY = YES;
				CLANG_WARN_ENUM_CONVERSION = YES;
				CLANG_WARN_INFINITE_RECURSION = YES;
				CLANG_WARN_INT_CONVERSION = YES;
				CLANG_WARN_NON_LITERAL_NULL_CONVERSION = YES;
				CLANG_WARN_OBJC_IMPLICIT_RETAIN_SELF = YES;
				CLANG_WARN_OBJC_LITERAL_CONVERSION = YES;
				CLANG_WARN_OBJC_ROOT_CLASS = YES_ERROR;
				CLANG_WARN_QUOTED_INCLUDE_IN_FRAMEWORK_HEADER = YES;
				CLANG_WARN_RANGE_LOOP_ANALYSIS = YES;
				CLANG_WARN_STRICT_PROTOTYPES = YES;
				CLANG_WARN_SUSPICIOUS_MOVE = YES;
				CLANG_WARN_UNGUARDED_AVAILABILITY = YES_AGGRESSIVE;
				CLANG_WARN_UNREACHABLE_CODE = YES;
				CLANG_WARN__DUPLICATE_METHOD_MATCH = YES;
				COPY_PHASE_STRIP = NO;
				DEBUG_INFORMATION_FORMAT = dwarf;
				ENABLE_STRICT_OBJC_MSGSEND = YES;
				ENABLE_TESTABILITY = YES;
				ENABLE_USER_SCRIPT_SANDBOXING = YES;
				GCC_C_LANGUAGE_STANDARD = gnu17;
				GCC_DYNAMIC_NO_PIC = NO;
				GCC_NO_COMMON_BLOCKS = YES;
				GCC_OPTIMIZATION_LEVEL = 0;
				GCC_PREPROCESSOR_DEFINITIONS = (
					"DEBUG=1",
					"$(inherited)",
				);
				GCC_WARN_64_TO_32_BIT_CONVERSION = YES;
				GCC_WARN_ABOUT_RETURN_TYPE = YES_ERROR;
				GCC_WARN_UNDECLARED_SELECTOR = YES;
				GCC_WARN_UNINITIALIZED_AUTOS = YES_AGGRESSIVE;
				GCC_WARN_UNUSED_FUNCTION = YES;
				GCC_WARN_UNUSED_VARIABLE = YES;
				IPHONEOS_DEPLOYMENT_TARGET = 18.5;
				LOCALIZATION_PREFERS_STRING_CATALOGS = YES;
				MTL_ENABLE_DEBUG_INFO = INCLUDE_SOURCE;
				MTL_FAST_MATH = YES;
				ONLY_ACTIVE_ARCH = YES;
				SDKROOT = iphoneos;
				SWIFT_ACTIVE_COMPILATION_CONDITIONS = "DEBUG $(inherited)";
				SWIFT_OPTIMIZATION_LEVEL = "-Onone";
			};
			name = Debug;
		};
		3B6AB3282E8532E000FBADF6 /* Release */ = {
			isa = XCBuildConfiguration;
			buildSettings = {
				ALWAYS_SEARCH_USER_PATHS = NO;
				ASSETCATALOG_COMPILER_GENERATE_SWIFT_ASSET_SYMBOL_EXTENSIONS = YES;
				CLANG_ANALYZER_LOCALIZABILITY_NONLOCALIZED = YES;
				CLANG_ANALYZER_NONNULL = YES;
				CLANG_ANALYZER_NUMBER_OBJECT_CONVERSION = YES_AGGRESSIVE;
				CLANG_CXX_LANGUAGE_STANDARD = "gnu++20";
				CLANG_ENABLE_MODULES = YES;
				CLANG_ENABLE_OBJC_ARC = YES;
				CLANG_ENABLE_OBJC_WEAK = YES;
				CLANG_WARN_BLOCK_CAPTURE_AUTORELEASING = YES;
				CLANG_WARN_BOOL_CONVERSION = YES;
				CLANG_WARN_COMMA = YES;
				CLANG_WARN_CONSTANT_CONVERSION = YES;
				CLANG_WARN_DEPRECATED_OBJC_IMPLEMENTATIONS = YES;
				CLANG_WARN_DIRECT_OBJC_ISA_USAGE = YES_ERROR;
				CLANG_WARN_DOCUMENTATION_COMMENTS = YES;
				CLANG_WARN_EMPTY_BODY = YES;
				CLANG_WARN_ENUM_CONVERSION = YES;
				CLANG_WARN_INFINITE_RECURSION = YES;
				CLANG_WARN_INT_CONVERSION = YES;
				CLANG_WARN_NON_LITERAL_NULL_CONVERSION = YES;
				CLANG_WARN_OBJC_IMPLICIT_RETAIN_SELF = YES;
				CLANG_WARN_OBJC_LITERAL_CONVERSION = YES;
				CLANG_WARN_OBJC_ROOT_CLASS = YES_ERROR;
				CLANG_WARN_QUOTED_INCLUDE_IN_FRAMEWORK_HEADER = YES;
				CLANG_WARN_RANGE_LOOP_ANALYSIS = YES;
				CLANG_WARN_STRICT_PROTOTYPES = YES;
				CLANG_WARN_SUSPICIOUS_MOVE = YES;
				CLANG_WARN_UNGUARDED_AVAILABILITY = YES_AGGRESSIVE;
				CLANG_WARN_UNREACHABLE_CODE = YES;
				CLANG_WARN__DUPLICATE_METHOD_MATCH = YES;
				COPY_PHASE_STRIP = NO;
				DEBUG_INFORMATION_FORMAT = "dwarf-with-dsym";
				ENABLE_NS_ASSERTIONS = NO;
				ENABLE_STRICT_OBJC_MSGSEND = YES;
				ENABLE_USER_SCRIPT_SANDBOXING = YES;
				GCC_C_LANGUAGE_STANDARD = gnu17;
				GCC_NO_COMMON_BLOCKS = YES;
				GCC_WARN_64_TO_32_BIT_CONVERSION = YES;
				GCC_WARN_ABOUT_RETURN_TYPE = YES_ERROR;
				GCC_WARN_UNDECLARED_SELECTOR = YES;
				GCC_WARN_UNINITIALIZED_AUTOS = YES_AGGRESSIVE;
				GCC_WARN_UNUSED_FUNCTION = YES;
				GCC_WARN_UNUSED_VARIABLE = YES;
				IPHONEOS_DEPLOYMENT_TARGET = 18.5;
				LOCALIZATION_PREFERS_STRING_CATALOGS = YES;
				MTL_ENABLE_DEBUG_INFO = NO;
				MTL_FAST_MATH = YES;
				SDKROOT = iphoneos;
				SWIFT_COMPILATION_MODE = wholemodule;
				VALIDATE_PRODUCT = YES;
			};
			name = Release;
		};
/* End XCBuildConfiguration section */

/* Begin XCConfigurationList section */
		3B6AB30C2E8532DF00FBADF6 /* Build configuration list for PBXProject "TRACE" */ = {
			isa = XCConfigurationList;
			buildConfigurations = (
				3B6AB3272E8532E000FBADF6 /* Debug */,
				3B6AB3282E8532E000FBADF6 /* Release */,
			);
			defaultConfigurationIsVisible = 0;
			defaultConfigurationName = Release;
		};
		3B6AB3242E8532E000FBADF6 /* Build configuration list for PBXNativeTarget "TRACE" */ = {
			isa = XCConfigurationList;
			buildConfigurations = (
				3B6AB3252E8532E000FBADF6 /* Debug */,
				3B6AB3262E8532E000FBADF6 /* Release */,
			);
			defaultConfigurationIsVisible = 0;
			defaultConfigurationName = Release;
		};
/* End XCConfigurationList section */

/* Begin XCRemoteSwiftPackageReference section */
		3B33D3582E8FB1050034DD6E /* XCRemoteSwiftPackageReference "firebase-ios-sdk" */ = {
			isa = XCRemoteSwiftPackageReference;
			repositoryURL = "https://github.com/firebase/firebase-ios-sdk.git";
			requirement = {
				kind = upToNextMajorVersion;
				minimumVersion = 12.3.0;
			};
		};
		3B533C112EA7890200301F27 /* XCRemoteSwiftPackageReference "FSCalendar" */ = {
			isa = XCRemoteSwiftPackageReference;
			repositoryURL = "https://github.com/WenchaoD/FSCalendar.git";
			requirement = {
				kind = upToNextMajorVersion;
				minimumVersion = 2.8.4;
			};
		};
		3B6AB3A92E85354800FBADF6 /* XCRemoteSwiftPackageReference "RxSwift" */ = {
			isa = XCRemoteSwiftPackageReference;
			repositoryURL = "https://github.com/ReactiveX/RxSwift";
			requirement = {
				kind = upToNextMajorVersion;
				minimumVersion = 6.9.0;
			};
		};
		3B6AB3AE2E85355A00FBADF6 /* XCRemoteSwiftPackageReference "SnapKit" */ = {
			isa = XCRemoteSwiftPackageReference;
			repositoryURL = "https://github.com/SnapKit/SnapKit";
			requirement = {
				kind = upToNextMajorVersion;
				minimumVersion = 5.7.1;
			};
		};
		3B6AB3B12E85357700FBADF6 /* XCRemoteSwiftPackageReference "realm-swift" */ = {
			isa = XCRemoteSwiftPackageReference;
			repositoryURL = "https://github.com/realm/realm-swift";
			requirement = {
				kind = exactVersion;
				version = 20.0.3;
			};
		};
		3B6AB3B42E85358700FBADF6 /* XCRemoteSwiftPackageReference "Alamofire" */ = {
			isa = XCRemoteSwiftPackageReference;
			repositoryURL = "https://github.com/Alamofire/Alamofire";
			requirement = {
				kind = upToNextMajorVersion;
				minimumVersion = 5.10.2;
			};
		};
		3B6AB4692E8577A500FBADF6 /* XCRemoteSwiftPackageReference "Then" */ = {
			isa = XCRemoteSwiftPackageReference;
			repositoryURL = "https://github.com/devxoul/Then.git";
			requirement = {
				kind = upToNextMajorVersion;
				minimumVersion = 3.0.0;
			};
		};
		3BC906702EAF719200C792EB /* XCRemoteSwiftPackageReference "Kingfisher" */ = {
			isa = XCRemoteSwiftPackageReference;
			repositoryURL = "https://github.com/onevcat/Kingfisher.git";
			requirement = {
				kind = upToNextMajorVersion;
				minimumVersion = 8.6.0;
			};
		};
/* End XCRemoteSwiftPackageReference section */

/* Begin XCSwiftPackageProductDependency section */
		3B33D3592E8FB1050034DD6E /* FirebaseAnalyticsCore */ = {
			isa = XCSwiftPackageProductDependency;
			package = 3B33D3582E8FB1050034DD6E /* XCRemoteSwiftPackageReference "firebase-ios-sdk" */;
			productName = FirebaseAnalyticsCore;
		};
		3B33D35B2E8FB1050034DD6E /* FirebaseCrashlytics */ = {
			isa = XCSwiftPackageProductDependency;
			package = 3B33D3582E8FB1050034DD6E /* XCRemoteSwiftPackageReference "firebase-ios-sdk" */;
			productName = FirebaseCrashlytics;
		};
		3B33D35D2E8FB1050034DD6E /* FirebaseMessaging */ = {
			isa = XCSwiftPackageProductDependency;
			package = 3B33D3582E8FB1050034DD6E /* XCRemoteSwiftPackageReference "firebase-ios-sdk" */;
			productName = FirebaseMessaging;
		};
		3B533C122EA7890200301F27 /* FSCalendar */ = {
			isa = XCSwiftPackageProductDependency;
			package = 3B533C112EA7890200301F27 /* XCRemoteSwiftPackageReference "FSCalendar" */;
			productName = FSCalendar;
		};
		3B6AB3AA2E85354800FBADF6 /* RxCocoa */ = {
			isa = XCSwiftPackageProductDependency;
			package = 3B6AB3A92E85354800FBADF6 /* XCRemoteSwiftPackageReference "RxSwift" */;
			productName = RxCocoa;
		};
		3B6AB3AC2E85354800FBADF6 /* RxSwift */ = {
			isa = XCSwiftPackageProductDependency;
			package = 3B6AB3A92E85354800FBADF6 /* XCRemoteSwiftPackageReference "RxSwift" */;
			productName = RxSwift;
		};
		3B6AB3AF2E85355A00FBADF6 /* SnapKit */ = {
			isa = XCSwiftPackageProductDependency;
			package = 3B6AB3AE2E85355A00FBADF6 /* XCRemoteSwiftPackageReference "SnapKit" */;
			productName = SnapKit;
		};
		3B6AB3B22E85357700FBADF6 /* RealmSwift */ = {
			isa = XCSwiftPackageProductDependency;
			package = 3B6AB3B12E85357700FBADF6 /* XCRemoteSwiftPackageReference "realm-swift" */;
			productName = RealmSwift;
		};
		3B6AB3B52E85358700FBADF6 /* Alamofire */ = {
			isa = XCSwiftPackageProductDependency;
			package = 3B6AB3B42E85358700FBADF6 /* XCRemoteSwiftPackageReference "Alamofire" */;
			productName = Alamofire;
		};
		3B6AB46A2E8577A500FBADF6 /* Then */ = {
			isa = XCSwiftPackageProductDependency;
			package = 3B6AB4692E8577A500FBADF6 /* XCRemoteSwiftPackageReference "Then" */;
			productName = Then;
		};
		3BC906712EAF719200C792EB /* Kingfisher */ = {
			isa = XCSwiftPackageProductDependency;
			package = 3BC906702EAF719200C792EB /* XCRemoteSwiftPackageReference "Kingfisher" */;
			productName = Kingfisher;
		};
/* End XCSwiftPackageProductDependency section */
	};
	rootObject = 3B6AB3092E8532DF00FBADF6 /* Project object */;
}
